<?xml version="1.0" encoding="utf-8"?>
<Project ToolsVersion="4.0" xmlns="http://schemas.microsoft.com/developer/msbuild/2003">
  <ItemGroup>
    <Filter Include="Source Files">
      <UniqueIdentifier>{4FC737F1-C7A5-4376-A066-2A32D752A2FF}</UniqueIdentifier>
      <Extensions>cpp;c;cc;cxx;def;odl;idl;hpj;bat;asm;asmx</Extensions>
    </Filter>
    <Filter Include="Header Files">
      <UniqueIdentifier>{93995380-89BD-4b04-88EB-625FBE52EBFB}</UniqueIdentifier>
      <Extensions>h;hpp;hxx;hm;inl;inc;xsd</Extensions>
    </Filter>
    <Filter Include="Resource Files">
      <UniqueIdentifier>{67DA6AB6-F800-4c08-8B7A-83BB121AAD01}</UniqueIdentifier>
      <Extensions>rc;ico;cur;bmp;dlg;rc2;rct;bin;rgs;gif;jpg;jpeg;jpe;resx;tiff;tif;png;wav;mfcribbon-ms</Extensions>
    </Filter>
    <Filter Include="Header Files\Widgets">
      <UniqueIdentifier>{527b0f85-e71f-4948-bc04-5a21c29acce4}</UniqueIdentifier>
    </Filter>
    <Filter Include="Header Files\States">
      <UniqueIdentifier>{9fd65ced-b5a9-4c82-b88e-38d6216c8c00}</UniqueIdentifier>
    </Filter>
  </ItemGroup>
  <ItemGroup>
    <ClCompile Include="main.cc">
      <Filter>Source Files</Filter>
    </ClCompile>
    <ClCompile Include="gamestate.cc">
      <Filter>Source Files</Filter>
    </ClCompile>
    <ClCompile Include="mywindowwrapper.cc">
      <Filter>Source Files</Filter>
    </ClCompile>
    <ClCompile Include="gamestatemanager.cc">
      <Filter>Source Files</Filter>
    </ClCompile>
    <ClCompile Include="renderable.cc">
      <Filter>Source Files</Filter>
    </ClCompile>
    <ClCompile Include="inputmanager.cc">
      <Filter>Source Files</Filter>
    </ClCompile>
    <ClCompile Include="spriteatlas.cc">
      <Filter>Source Files</Filter>
    </ClCompile>
    <ClCompile Include="updateable.cc">
      <Filter>Source Files</Filter>
    </ClCompile>
    <ClCompile Include="gametime.cc">
      <Filter>Source Files</Filter>
    </ClCompile>
    <ClCompile Include="rectangle.cpp">
      <Filter>Source Files</Filter>
    </ClCompile>
    <ClCompile Include="rectangleinspace.cc">
      <Filter>Source Files</Filter>
    </ClCompile>
    <ClCompile Include="widget.cc">
      <Filter>Source Files</Filter>
    </ClCompile>
    <ClCompile Include="rectangleonplane.cc">
      <Filter>Source Files</Filter>
    </ClCompile>
    <ClCompile Include="button.cc">
      <Filter>Source Files</Filter>
    </ClCompile>
    <ClCompile Include="gamestatemainmenu.cc">
      <Filter>Source Files</Filter>
    </ClCompile>
  </ItemGroup>
  <ItemGroup>
    <ClInclude Include="mywindowwrapper.h">
      <Filter>Header Files</Filter>
    </ClInclude>
    <ClInclude Include="renderable.h">
      <Filter>Header Files</Filter>
    </ClInclude>
    <ClInclude Include="inputmanager.h">
      <Filter>Header Files</Filter>
    </ClInclude>
    <ClInclude Include="spriteatlas.h">
      <Filter>Header Files</Filter>
    </ClInclude>
    <ClInclude Include="updateable.h">
      <Filter>Header Files</Filter>
    </ClInclude>
    <ClInclude Include="gametime.h">
      <Filter>Header Files</Filter>
    </ClInclude>
    <ClInclude Include="rectangle.h">
      <Filter>Header Files</Filter>
    </ClInclude>
    <ClInclude Include="rectangleinspace.h">
      <Filter>Header Files</Filter>
    </ClInclude>
    <ClInclude Include="rectangleonplane.h">
      <Filter>Header Files</Filter>
    </ClInclude>
    <ClInclude Include="widget.h">
      <Filter>Header Files\Widgets</Filter>
    </ClInclude>
    <ClInclude Include="button.h">
      <Filter>Header Files\Widgets</Filter>
    </ClInclude>
    <ClInclude Include="gamestate.h">
      <Filter>Header Files\States</Filter>
    </ClInclude>
    <ClInclude Include="gamestatemainmenu.h">
      <Filter>Header Files\States</Filter>
    </ClInclude>
    <ClInclude Include="gamestatemanager.h">
      <Filter>Header Files\States</Filter>
    </ClInclude>
    <ClInclude Include="point.h">
      <Filter>Header Files</Filter>
    </ClInclude>
  </ItemGroup>
  <ItemGroup>
    <None Include="ClassDiagram.cd" />
    <None Include="..\FullRobobsticalObliteration.uxf">
      <Filter>Resource Files</Filter>
    </None>
  </ItemGroup>
  <ItemGroup>
    <Image Include="..\FullRobobsticalObliteration.png">
      <Filter>Resource Files</Filter>
    </Image>
  </ItemGroup>
</Project>