<?xml version="1.0" encoding="utf-8"?>
<Project ToolsVersion="4.0" xmlns="http://schemas.microsoft.com/developer/msbuild/2003">
  <ItemGroup>
    <ClCompile Include="Jzon.cpp" />
    <ClCompile Include="lodepng.cpp" />
    <ClCompile Include="main.cc" />
    <ClCompile Include="mywindowwrapper.cc" />
    <ClCompile Include="spriteatlas.cc" />
    <ClCompile Include="buttonwidget.cc">
      <Filter>widget</Filter>
    </ClCompile>
    <ClCompile Include="carddeck.cc">
      <Filter>logic</Filter>
    </ClCompile>
    <ClCompile Include="cardhandwidget.cc">
      <Filter>widget</Filter>
    </ClCompile>
    <ClCompile Include="cardwidget.cc">
      <Filter>widget</Filter>
    </ClCompile>
    <ClCompile Include="focusable.cc">
      <Filter>interfaces</Filter>
    </ClCompile>
    <ClCompile Include="framewidget.cc">
      <Filter>widget</Filter>
    </ClCompile>
    <ClCompile Include="gameboardcontroller.cc">
      <Filter>logic</Filter>
    </ClCompile>
    <ClCompile Include="gameboardwidget.cc">
      <Filter>widget</Filter>
    </ClCompile>
    <ClCompile Include="gamestate.cc">
      <Filter>gamestates</Filter>
    </ClCompile>
    <ClCompile Include="gamestatemainmenu.cc">
      <Filter>gamestates</Filter>
    </ClCompile>
    <ClCompile Include="gamestatemanager.cc">
      <Filter>gamestates</Filter>
    </ClCompile>
    <ClCompile Include="gamestateprogram.cc">
      <Filter>gamestates</Filter>
    </ClCompile>
    <ClCompile Include="inputmanager.cc" />
    <ClCompile Include="rectangle.cpp">
      <Filter>interfaces</Filter>
    </ClCompile>
    <ClCompile Include="rectangleinspace.cc">
      <Filter>interfaces</Filter>
    </ClCompile>
    <ClCompile Include="rectangleonplane.cc">
      <Filter>interfaces</Filter>
    </ClCompile>
    <ClCompile Include="updateable.cc">
      <Filter>interfaces</Filter>
    </ClCompile>
    <ClCompile Include="widgetlocation.cc">
      <Filter>interfaces</Filter>
    </ClCompile>
    <ClCompile Include="robotwidget.cc">
      <Filter>widget</Filter>
    </ClCompile>
    <ClCompile Include="widget.cc">
      <Filter>widget</Filter>
    </ClCompile>
    <ClCompile Include="renderable.cc">
      <Filter>interfaces</Filter>
    </ClCompile>
    <ClCompile Include="registerwidget.cc">
      <Filter>widget</Filter>
    </ClCompile>
    <ClCompile Include="robotcontroller.cc">
      <Filter>logic</Filter>
    </ClCompile>
  </ItemGroup>
  <ItemGroup>
    <ClInclude Include="Jzon.h" />
    <ClInclude Include="lodepng.h" />
    <ClInclude Include="mywindowwrapper.h" />
    <ClInclude Include="spriteatlas.h" />
    <ClInclude Include="buttonwidget.h">
      <Filter>widget</Filter>
    </ClInclude>
    <ClInclude Include="carddeck.h">
      <Filter>logic</Filter>
    </ClInclude>
    <ClInclude Include="cardhandwidget.h">
      <Filter>widget</Filter>
    </ClInclude>
    <ClInclude Include="cardwidget.h">
      <Filter>widget</Filter>
    </ClInclude>
    <ClInclude Include="focusable.h">
      <Filter>interfaces</Filter>
    </ClInclude>
    <ClInclude Include="framewidget.h">
      <Filter>widget</Filter>
    </ClInclude>
    <ClInclude Include="gameboardcontroller.h">
      <Filter>logic</Filter>
    </ClInclude>
    <ClInclude Include="gameboardwidget.h">
      <Filter>widget</Filter>
    </ClInclude>
    <ClInclude Include="gamestate.h">
      <Filter>gamestates</Filter>
    </ClInclude>
    <ClInclude Include="gamestatemainmenu.h">
      <Filter>gamestates</Filter>
    </ClInclude>
    <ClInclude Include="gamestateprogram.h">
      <Filter>gamestates</Filter>
    </ClInclude>
    <ClInclude Include="gamestatemanager.h">
      <Filter>gamestates</Filter>
    </ClInclude>
    <ClInclude Include="inputmanager.h" />
    <ClInclude Include="rectangle.h">
      <Filter>interfaces</Filter>
    </ClInclude>
    <ClInclude Include="rectangleinspace.h">
      <Filter>interfaces</Filter>
    </ClInclude>
    <ClInclude Include="rectangleonplane.h">
      <Filter>interfaces</Filter>
    </ClInclude>
    <ClInclude Include="updateable.h">
      <Filter>interfaces</Filter>
    </ClInclude>
    <ClInclude Include="widgetlocation.h">
      <Filter>interfaces</Filter>
    </ClInclude>
    <ClInclude Include="robotwidget.h">
      <Filter>widget</Filter>
    </ClInclude>
    <ClInclude Include="widget.h">
      <Filter>widget</Filter>
    </ClInclude>
    <ClInclude Include="renderable.h">
      <Filter>interfaces</Filter>
    </ClInclude>
    <ClInclude Include="registerwidget.h">
      <Filter>widget</Filter>
    </ClInclude>
    <ClInclude Include="point.h">
      <Filter>interfaces</Filter>
    </ClInclude>
    <ClInclude Include="robotcontroller.h">
      <Filter>logic</Filter>
    </ClInclude>
  </ItemGroup>
  <ItemGroup>
    <Image Include="..\Graphics\fro_fullsheet.png">
      <Filter>Resources</Filter>
    </Image>
    <Image Include="..\FullRobobsticalObliteration.png">
      <Filter>Resources</Filter>
    </Image>
  </ItemGroup>
  <ItemGroup>
    <None Include="..\Graphics\sprite_map.json">
      <Filter>Resources</Filter>
    </None>
    <None Include="..\FullRobobsticalObliteration.uxf">
      <Filter>Resources</Filter>
    </None>
    <None Include="ClassDiagram.cd">
      <Filter>Resources</Filter>
    </None>
  </ItemGroup>
  <ItemGroup>
    <Filter Include="widget">
      <UniqueIdentifier>{dc59131a-4a49-40dd-91e8-f0566f603c4e}</UniqueIdentifier>
    </Filter>
    <Filter Include="logic">
      <UniqueIdentifier>{3d87a661-8f5e-40ba-9d61-cbb96e5a38eb}</UniqueIdentifier>
    </Filter>
    <Filter Include="gamestates">
      <UniqueIdentifier>{e1f7a287-d3da-43ef-920d-fa468d823411}</UniqueIdentifier>
    </Filter>
    <Filter Include="interfaces">
      <UniqueIdentifier>{f38ae947-0792-4929-8361-f2401d69f4b0}</UniqueIdentifier>
    </Filter>
    <Filter Include="Resources">
      <UniqueIdentifier>{b77af61d-92c9-4b76-b25f-8b9c5137c64f}</UniqueIdentifier>
    </Filter>
  </ItemGroup>
  <ItemGroup>
    <Text Include="..\Graphics\sprite_map.txt">
      <Filter>Resources</Filter>
    </Text>
  </ItemGroup>
  <ItemGroup>
    <Font Include="..\Graphics\Reality Hyper Regular.ttf">
      <Filter>Resources</Filter>
    </Font>
  </ItemGroup>
</Project>